
Microsoft Visual Studio Solution File, Format Version 12.00
# Visual Studio Version 16
VisualStudioVersion = 16.0.29609.76
MinimumVisualStudioVersion = 10.0.40219.1
Project("{9A19103F-16F7-4668-BE54-9A1E7A4F7556}") = "Maturita 2020", "Maturita 2020\Maturita 2020.csproj", "{F6450F7A-AB3F-4E1C-814B-FB4F4D8D8A59}"
EndProject
Project("{9A19103F-16F7-4668-BE54-9A1E7A4F7556}") = "Maturita 2020 Tridy", "..\Maturita 2020 Tridy\Maturita 2020 Tridy.csproj", "{BC9AD06C-EE73-4355-BB1A-876D45563645}"
EndProject
Global
	GlobalSection(SolutionConfigurationPlatforms) = preSolution
		Debug|Any CPU = Debug|Any CPU
		Release|Any CPU = Release|Any CPU
	EndGlobalSection
	GlobalSection(ProjectConfigurationPlatforms) = postSolution
		{F6450F7A-AB3F-4E1C-814B-FB4F4D8D8A59}.Debug|Any CPU.ActiveCfg = Debug|Any CPU
		{F6450F7A-AB3F-4E1C-814B-FB4F4D8D8A59}.Debug|Any CPU.Build.0 = Debug|Any CPU
		{F6450F7A-AB3F-4E1C-814B-FB4F4D8D8A59}.Release|Any CPU.ActiveCfg = Release|Any CPU
		{F6450F7A-AB3F-4E1C-814B-FB4F4D8D8A59}.Release|Any CPU.Build.0 = Release|Any CPU
		{BC9AD06C-EE73-4355-BB1A-876D45563645}.Debug|Any CPU.ActiveCfg = Debug|Any CPU
		{BC9AD06C-EE73-4355-BB1A-876D45563645}.Debug|Any CPU.Build.0 = Debug|Any CPU
		{BC9AD06C-EE73-4355-BB1A-876D45563645}.Release|Any CPU.ActiveCfg = Release|Any CPU
		{BC9AD06C-EE73-4355-BB1A-876D45563645}.Release|Any CPU.Build.0 = Release|Any CPU
	EndGlobalSection
	GlobalSection(SolutionProperties) = preSolution
		HideSolutionNode = FALSE
	EndGlobalSection
	GlobalSection(ExtensibilityGlobals) = postSolution
		SolutionGuid = {2578C273-51C5-4B87-B84C-3AEEF59FB455}
	EndGlobalSection
EndGlobal
