
Microsoft Visual Studio Solution File, Format Version 12.00
# Visual Studio Version 16
VisualStudioVersion = 16.0.29905.134
MinimumVisualStudioVersion = 10.0.40219.1
Project("{FAE04EC0-301F-11D3-BF4B-00C04F79EFBC}") = "Maturita 2020 Tridy", "Maturita 2020 Tridy.csproj", "{AD322847-60E8-4FF7-8D75-573434B73374}"
EndProject
Global
	GlobalSection(SolutionConfigurationPlatforms) = preSolution
		Debug|Any CPU = Debug|Any CPU
		Release|Any CPU = Release|Any CPU
	EndGlobalSection
	GlobalSection(ProjectConfigurationPlatforms) = postSolution
		{AD322847-60E8-4FF7-8D75-573434B73374}.Debug|Any CPU.ActiveCfg = Debug|Any CPU
		{AD322847-60E8-4FF7-8D75-573434B73374}.Debug|Any CPU.Build.0 = Debug|Any CPU
		{AD322847-60E8-4FF7-8D75-573434B73374}.Release|Any CPU.ActiveCfg = Release|Any CPU
		{AD322847-60E8-4FF7-8D75-573434B73374}.Release|Any CPU.Build.0 = Release|Any CPU
	EndGlobalSection
	GlobalSection(SolutionProperties) = preSolution
		HideSolutionNode = FALSE
	EndGlobalSection
	GlobalSection(ExtensibilityGlobals) = postSolution
		SolutionGuid = {935C7A92-2586-4103-9490-1E235F0B304A}
	EndGlobalSection
EndGlobal
